
Microsoft Visual Studio Solution File, Format Version 12.00
# Visual Studio Version 16
VisualStudioVersion = 16.0.31729.503
MinimumVisualStudioVersion = 10.0.40219.1
Project("{FAE04EC0-301F-11D3-BF4B-00C04F79EFBC}") = "MathTaskClassLibrary", "MathTaskClassLibrary\MathTaskClassLibrary.csproj", "{FC39B0DC-533F-494F-A10A-15374E71E189}"
EndProject
Project("{FAE04EC0-301F-11D3-BF4B-00C04F79EFBC}") = "MathTaskClassLibraryTests", "MathTaskClassLibraryTests\MathTaskClassLibraryTests.csproj", "{25B7C532-F062-4F4D-8F41-8D73EE1BB35E}"
EndProject
Global
	GlobalSection(SolutionConfigurationPlatforms) = preSolution
		Debug|Any CPU = Debug|Any CPU
		Release|Any CPU = Release|Any CPU
	EndGlobalSection
	GlobalSection(ProjectConfigurationPlatforms) = postSolution
		{FC39B0DC-533F-494F-A10A-15374E71E189}.Debug|Any CPU.ActiveCfg = Debug|Any CPU
		{FC39B0DC-533F-494F-A10A-15374E71E189}.Debug|Any CPU.Build.0 = Debug|Any CPU
		{FC39B0DC-533F-494F-A10A-15374E71E189}.Release|Any CPU.ActiveCfg = Release|Any CPU
		{FC39B0DC-533F-494F-A10A-15374E71E189}.Release|Any CPU.Build.0 = Release|Any CPU
		{25B7C532-F062-4F4D-8F41-8D73EE1BB35E}.Debug|Any CPU.ActiveCfg = Debug|Any CPU
		{25B7C532-F062-4F4D-8F41-8D73EE1BB35E}.Debug|Any CPU.Build.0 = Debug|Any CPU
		{25B7C532-F062-4F4D-8F41-8D73EE1BB35E}.Release|Any CPU.ActiveCfg = Release|Any CPU
		{25B7C532-F062-4F4D-8F41-8D73EE1BB35E}.Release|Any CPU.Build.0 = Release|Any CPU
	EndGlobalSection
	GlobalSection(SolutionProperties) = preSolution
		HideSolutionNode = FALSE
	EndGlobalSection
	GlobalSection(ExtensibilityGlobals) = postSolution
		SolutionGuid = {66DE0047-7658-4993-8F47-1E3B4E903835}
	EndGlobalSection
EndGlobal
